
Microsoft Visual Studio Solution File, Format Version 12.00
# Visual Studio Version 17
VisualStudioVersion = 17.9.34616.47
MinimumVisualStudioVersion = 10.0.40219.1
Project("{8BC9CEB8-8B4A-11D0-8D11-00A0C91BC942}") = "01_03_BetweenAdder", "01_03_BetweenAdder\01_03_BetweenAdder.vcxproj", "{E21099DB-01BF-4C38-B9B7-B458AA68D4EA}"
EndProject
Project("{8BC9CEB8-8B4A-11D0-8D11-00A0C91BC942}") = "01_01_HelloWorld", "01_01_HelloWorld\01_01_HelloWorld.vcxproj", "{3024B79D-170E-41C6-ACF6-012386DD1915}"
EndProject
Project("{8BC9CEB8-8B4A-11D0-8D11-00A0C91BC942}") = "01_02_SampleAdder", "01_02_SampleAdder\01_02_SampleAdder.vcxproj", "{CBDB8304-AD53-42DC-96E0-4D5E0130AEBE}"
EndProject
Project("{8BC9CEB8-8B4A-11D0-8D11-00A0C91BC942}") = "01_04_StringIO", "01_04_StringIO\01_04_StringIO.vcxproj", "{71B48FB6-3F58-4EA6-AC97-660CAFDB4DCB}"
EndProject
Project("{8BC9CEB8-8B4A-11D0-8D11-00A0C91BC942}") = "01_05_IOtestProgramming", "01_05_IOtestProgramming\01_05_IOtestProgramming.vcxproj", "{F71F6992-3593-4AF5-B76B-4019FA62F876}"
EndProject
Project("{8BC9CEB8-8B4A-11D0-8D11-00A0C91BC942}") = "01_06_FunctionOverloading", "01_06_FunctionOverloading\01_06_FunctionOverloading.vcxproj", "{1BA74C9F-550A-4A17-A5C7-F79098EA28F2}"
EndProject
Project("{8BC9CEB8-8B4A-11D0-8D11-00A0C91BC942}") = "01_08_Inline", "01_08_Inline\01_08_Inline.vcxproj", "{2B84C7DC-6878-437A-BC93-10825B3E562D}"
EndProject
Project("{8BC9CEB8-8B4A-11D0-8D11-00A0C91BC942}") = "01_09_Namespace", "01_09_Namespace\01_09_Namespace.vcxproj", "{9718997F-58C2-4155-8FCC-912145A300EA}"
EndProject
Project("{8BC9CEB8-8B4A-11D0-8D11-00A0C91BC942}") = "01_07_DefaultValue", "01_07_DefaultValue\01_07_DefaultValue.vcxproj", "{49C06A9E-883E-4D7D-956C-6D178C20DF29}"
EndProject
Project("{8BC9CEB8-8B4A-11D0-8D11-00A0C91BC942}") = "02_01_Const", "02_01_Const\02_01_Const.vcxproj", "{7ED933A8-615D-4283-8DF3-F1319785AE55}"
EndProject
Project("{8BC9CEB8-8B4A-11D0-8D11-00A0C91BC942}") = "02_02_MemorrySpace", "02_02_MemorrySpace\02_02_MemorrySpace.vcxproj", "{6621B930-851E-4A3D-96F6-4E5C3D2DE6DE}"
EndProject
Project("{8BC9CEB8-8B4A-11D0-8D11-00A0C91BC942}") = "02_03_Callby", "02_03_Callby\02_03_Callby.vcxproj", "{AAC1787A-1BD7-412A-9E54-BD460E9F1B54}"
EndProject
Project("{8BC9CEB8-8B4A-11D0-8D11-00A0C91BC942}") = "02_04_Bool", "02_04_Bool\02_04_Bool.vcxproj", "{6581AD2E-3B32-401E-8A54-C0E6E8C849FA}"
EndProject
Project("{8BC9CEB8-8B4A-11D0-8D11-00A0C91BC942}") = "02_05_Reference", "02_05_Reference\02_05_Reference.vcxproj", "{71650E16-EE3A-41D5-8F5F-BF3741A98F1E}"
EndProject
Project("{8BC9CEB8-8B4A-11D0-8D11-00A0C91BC942}") = "02_06_NewDelete", "02_06_NewDelete\02_06_NewDelete.vcxproj", "{3277D1A4-4AFC-4B11-8521-D4143057D1DD}"
EndProject
Project("{8BC9CEB8-8B4A-11D0-8D11-00A0C91BC942}") = "03_01_StructOrClass", "03_01_StructOrClass\03_01_StructOrClass.vcxproj", "{0A88936F-376A-41B6-B4BF-3999B07C840F}"
EndProject
Global
	GlobalSection(SolutionConfigurationPlatforms) = preSolution
		Debug|x64 = Debug|x64
		Debug|x86 = Debug|x86
		Release|x64 = Release|x64
		Release|x86 = Release|x86
	EndGlobalSection
	GlobalSection(ProjectConfigurationPlatforms) = postSolution
		{E21099DB-01BF-4C38-B9B7-B458AA68D4EA}.Debug|x64.ActiveCfg = Debug|x64
		{E21099DB-01BF-4C38-B9B7-B458AA68D4EA}.Debug|x64.Build.0 = Debug|x64
		{E21099DB-01BF-4C38-B9B7-B458AA68D4EA}.Debug|x86.ActiveCfg = Debug|Win32
		{E21099DB-01BF-4C38-B9B7-B458AA68D4EA}.Debug|x86.Build.0 = Debug|Win32
		{E21099DB-01BF-4C38-B9B7-B458AA68D4EA}.Release|x64.ActiveCfg = Release|x64
		{E21099DB-01BF-4C38-B9B7-B458AA68D4EA}.Release|x64.Build.0 = Release|x64
		{E21099DB-01BF-4C38-B9B7-B458AA68D4EA}.Release|x86.ActiveCfg = Release|Win32
		{E21099DB-01BF-4C38-B9B7-B458AA68D4EA}.Release|x86.Build.0 = Release|Win32
		{3024B79D-170E-41C6-ACF6-012386DD1915}.Debug|x64.ActiveCfg = Debug|x64
		{3024B79D-170E-41C6-ACF6-012386DD1915}.Debug|x64.Build.0 = Debug|x64
		{3024B79D-170E-41C6-ACF6-012386DD1915}.Debug|x86.ActiveCfg = Debug|Win32
		{3024B79D-170E-41C6-ACF6-012386DD1915}.Debug|x86.Build.0 = Debug|Win32
		{3024B79D-170E-41C6-ACF6-012386DD1915}.Release|x64.ActiveCfg = Release|x64
		{3024B79D-170E-41C6-ACF6-012386DD1915}.Release|x64.Build.0 = Release|x64
		{3024B79D-170E-41C6-ACF6-012386DD1915}.Release|x86.ActiveCfg = Release|Win32
		{3024B79D-170E-41C6-ACF6-012386DD1915}.Release|x86.Build.0 = Release|Win32
		{CBDB8304-AD53-42DC-96E0-4D5E0130AEBE}.Debug|x64.ActiveCfg = Debug|x64
		{CBDB8304-AD53-42DC-96E0-4D5E0130AEBE}.Debug|x64.Build.0 = Debug|x64
		{CBDB8304-AD53-42DC-96E0-4D5E0130AEBE}.Debug|x86.ActiveCfg = Debug|Win32
		{CBDB8304-AD53-42DC-96E0-4D5E0130AEBE}.Debug|x86.Build.0 = Debug|Win32
		{CBDB8304-AD53-42DC-96E0-4D5E0130AEBE}.Release|x64.ActiveCfg = Release|x64
		{CBDB8304-AD53-42DC-96E0-4D5E0130AEBE}.Release|x64.Build.0 = Release|x64
		{CBDB8304-AD53-42DC-96E0-4D5E0130AEBE}.Release|x86.ActiveCfg = Release|Win32
		{CBDB8304-AD53-42DC-96E0-4D5E0130AEBE}.Release|x86.Build.0 = Release|Win32
		{71B48FB6-3F58-4EA6-AC97-660CAFDB4DCB}.Debug|x64.ActiveCfg = Debug|x64
		{71B48FB6-3F58-4EA6-AC97-660CAFDB4DCB}.Debug|x64.Build.0 = Debug|x64
		{71B48FB6-3F58-4EA6-AC97-660CAFDB4DCB}.Debug|x86.ActiveCfg = Debug|Win32
		{71B48FB6-3F58-4EA6-AC97-660CAFDB4DCB}.Debug|x86.Build.0 = Debug|Win32
		{71B48FB6-3F58-4EA6-AC97-660CAFDB4DCB}.Release|x64.ActiveCfg = Release|x64
		{71B48FB6-3F58-4EA6-AC97-660CAFDB4DCB}.Release|x64.Build.0 = Release|x64
		{71B48FB6-3F58-4EA6-AC97-660CAFDB4DCB}.Release|x86.ActiveCfg = Release|Win32
		{71B48FB6-3F58-4EA6-AC97-660CAFDB4DCB}.Release|x86.Build.0 = Release|Win32
		{F71F6992-3593-4AF5-B76B-4019FA62F876}.Debug|x64.ActiveCfg = Debug|x64
		{F71F6992-3593-4AF5-B76B-4019FA62F876}.Debug|x64.Build.0 = Debug|x64
		{F71F6992-3593-4AF5-B76B-4019FA62F876}.Debug|x86.ActiveCfg = Debug|Win32
		{F71F6992-3593-4AF5-B76B-4019FA62F876}.Debug|x86.Build.0 = Debug|Win32
		{F71F6992-3593-4AF5-B76B-4019FA62F876}.Release|x64.ActiveCfg = Release|x64
		{F71F6992-3593-4AF5-B76B-4019FA62F876}.Release|x64.Build.0 = Release|x64
		{F71F6992-3593-4AF5-B76B-4019FA62F876}.Release|x86.ActiveCfg = Release|Win32
		{F71F6992-3593-4AF5-B76B-4019FA62F876}.Release|x86.Build.0 = Release|Win32
		{1BA74C9F-550A-4A17-A5C7-F79098EA28F2}.Debug|x64.ActiveCfg = Debug|x64
		{1BA74C9F-550A-4A17-A5C7-F79098EA28F2}.Debug|x64.Build.0 = Debug|x64
		{1BA74C9F-550A-4A17-A5C7-F79098EA28F2}.Debug|x86.ActiveCfg = Debug|Win32
		{1BA74C9F-550A-4A17-A5C7-F79098EA28F2}.Debug|x86.Build.0 = Debug|Win32
		{1BA74C9F-550A-4A17-A5C7-F79098EA28F2}.Release|x64.ActiveCfg = Release|x64
		{1BA74C9F-550A-4A17-A5C7-F79098EA28F2}.Release|x64.Build.0 = Release|x64
		{1BA74C9F-550A-4A17-A5C7-F79098EA28F2}.Release|x86.ActiveCfg = Release|Win32
		{1BA74C9F-550A-4A17-A5C7-F79098EA28F2}.Release|x86.Build.0 = Release|Win32
		{2B84C7DC-6878-437A-BC93-10825B3E562D}.Debug|x64.ActiveCfg = Debug|x64
		{2B84C7DC-6878-437A-BC93-10825B3E562D}.Debug|x64.Build.0 = Debug|x64
		{2B84C7DC-6878-437A-BC93-10825B3E562D}.Debug|x86.ActiveCfg = Debug|Win32
		{2B84C7DC-6878-437A-BC93-10825B3E562D}.Debug|x86.Build.0 = Debug|Win32
		{2B84C7DC-6878-437A-BC93-10825B3E562D}.Release|x64.ActiveCfg = Release|x64
		{2B84C7DC-6878-437A-BC93-10825B3E562D}.Release|x64.Build.0 = Release|x64
		{2B84C7DC-6878-437A-BC93-10825B3E562D}.Release|x86.ActiveCfg = Release|Win32
		{2B84C7DC-6878-437A-BC93-10825B3E562D}.Release|x86.Build.0 = Release|Win32
		{9718997F-58C2-4155-8FCC-912145A300EA}.Debug|x64.ActiveCfg = Debug|x64
		{9718997F-58C2-4155-8FCC-912145A300EA}.Debug|x64.Build.0 = Debug|x64
		{9718997F-58C2-4155-8FCC-912145A300EA}.Debug|x86.ActiveCfg = Debug|Win32
		{9718997F-58C2-4155-8FCC-912145A300EA}.Debug|x86.Build.0 = Debug|Win32
		{9718997F-58C2-4155-8FCC-912145A300EA}.Release|x64.ActiveCfg = Release|x64
		{9718997F-58C2-4155-8FCC-912145A300EA}.Release|x64.Build.0 = Release|x64
		{9718997F-58C2-4155-8FCC-912145A300EA}.Release|x86.ActiveCfg = Release|Win32
		{9718997F-58C2-4155-8FCC-912145A300EA}.Release|x86.Build.0 = Release|Win32
		{49C06A9E-883E-4D7D-956C-6D178C20DF29}.Debug|x64.ActiveCfg = Debug|x64
		{49C06A9E-883E-4D7D-956C-6D178C20DF29}.Debug|x64.Build.0 = Debug|x64
		{49C06A9E-883E-4D7D-956C-6D178C20DF29}.Debug|x86.ActiveCfg = Debug|Win32
		{49C06A9E-883E-4D7D-956C-6D178C20DF29}.Debug|x86.Build.0 = Debug|Win32
		{49C06A9E-883E-4D7D-956C-6D178C20DF29}.Release|x64.ActiveCfg = Release|x64
		{49C06A9E-883E-4D7D-956C-6D178C20DF29}.Release|x64.Build.0 = Release|x64
		{49C06A9E-883E-4D7D-956C-6D178C20DF29}.Release|x86.ActiveCfg = Release|Win32
		{49C06A9E-883E-4D7D-956C-6D178C20DF29}.Release|x86.Build.0 = Release|Win32
		{7ED933A8-615D-4283-8DF3-F1319785AE55}.Debug|x64.ActiveCfg = Debug|x64
		{7ED933A8-615D-4283-8DF3-F1319785AE55}.Debug|x64.Build.0 = Debug|x64
		{7ED933A8-615D-4283-8DF3-F1319785AE55}.Debug|x86.ActiveCfg = Debug|Win32
		{7ED933A8-615D-4283-8DF3-F1319785AE55}.Debug|x86.Build.0 = Debug|Win32
		{7ED933A8-615D-4283-8DF3-F1319785AE55}.Release|x64.ActiveCfg = Release|x64
		{7ED933A8-615D-4283-8DF3-F1319785AE55}.Release|x64.Build.0 = Release|x64
		{7ED933A8-615D-4283-8DF3-F1319785AE55}.Release|x86.ActiveCfg = Release|Win32
		{7ED933A8-615D-4283-8DF3-F1319785AE55}.Release|x86.Build.0 = Release|Win32
		{6621B930-851E-4A3D-96F6-4E5C3D2DE6DE}.Debug|x64.ActiveCfg = Debug|x64
		{6621B930-851E-4A3D-96F6-4E5C3D2DE6DE}.Debug|x64.Build.0 = Debug|x64
		{6621B930-851E-4A3D-96F6-4E5C3D2DE6DE}.Debug|x86.ActiveCfg = Debug|Win32
		{6621B930-851E-4A3D-96F6-4E5C3D2DE6DE}.Debug|x86.Build.0 = Debug|Win32
		{6621B930-851E-4A3D-96F6-4E5C3D2DE6DE}.Release|x64.ActiveCfg = Release|x64
		{6621B930-851E-4A3D-96F6-4E5C3D2DE6DE}.Release|x64.Build.0 = Release|x64
		{6621B930-851E-4A3D-96F6-4E5C3D2DE6DE}.Release|x86.ActiveCfg = Release|Win32
		{6621B930-851E-4A3D-96F6-4E5C3D2DE6DE}.Release|x86.Build.0 = Release|Win32
		{AAC1787A-1BD7-412A-9E54-BD460E9F1B54}.Debug|x64.ActiveCfg = Debug|x64
		{AAC1787A-1BD7-412A-9E54-BD460E9F1B54}.Debug|x64.Build.0 = Debug|x64
		{AAC1787A-1BD7-412A-9E54-BD460E9F1B54}.Debug|x86.ActiveCfg = Debug|Win32
		{AAC1787A-1BD7-412A-9E54-BD460E9F1B54}.Debug|x86.Build.0 = Debug|Win32
		{AAC1787A-1BD7-412A-9E54-BD460E9F1B54}.Release|x64.ActiveCfg = Release|x64
		{AAC1787A-1BD7-412A-9E54-BD460E9F1B54}.Release|x64.Build.0 = Release|x64
		{AAC1787A-1BD7-412A-9E54-BD460E9F1B54}.Release|x86.ActiveCfg = Release|Win32
		{AAC1787A-1BD7-412A-9E54-BD460E9F1B54}.Release|x86.Build.0 = Release|Win32
		{6581AD2E-3B32-401E-8A54-C0E6E8C849FA}.Debug|x64.ActiveCfg = Debug|x64
		{6581AD2E-3B32-401E-8A54-C0E6E8C849FA}.Debug|x64.Build.0 = Debug|x64
		{6581AD2E-3B32-401E-8A54-C0E6E8C849FA}.Debug|x86.ActiveCfg = Debug|Win32
		{6581AD2E-3B32-401E-8A54-C0E6E8C849FA}.Debug|x86.Build.0 = Debug|Win32
		{6581AD2E-3B32-401E-8A54-C0E6E8C849FA}.Release|x64.ActiveCfg = Release|x64
		{6581AD2E-3B32-401E-8A54-C0E6E8C849FA}.Release|x64.Build.0 = Release|x64
		{6581AD2E-3B32-401E-8A54-C0E6E8C849FA}.Release|x86.ActiveCfg = Release|Win32
		{6581AD2E-3B32-401E-8A54-C0E6E8C849FA}.Release|x86.Build.0 = Release|Win32
		{71650E16-EE3A-41D5-8F5F-BF3741A98F1E}.Debug|x64.ActiveCfg = Debug|x64
		{71650E16-EE3A-41D5-8F5F-BF3741A98F1E}.Debug|x64.Build.0 = Debug|x64
		{71650E16-EE3A-41D5-8F5F-BF3741A98F1E}.Debug|x86.ActiveCfg = Debug|Win32
		{71650E16-EE3A-41D5-8F5F-BF3741A98F1E}.Debug|x86.Build.0 = Debug|Win32
		{71650E16-EE3A-41D5-8F5F-BF3741A98F1E}.Release|x64.ActiveCfg = Release|x64
		{71650E16-EE3A-41D5-8F5F-BF3741A98F1E}.Release|x64.Build.0 = Release|x64
		{71650E16-EE3A-41D5-8F5F-BF3741A98F1E}.Release|x86.ActiveCfg = Release|Win32
		{71650E16-EE3A-41D5-8F5F-BF3741A98F1E}.Release|x86.Build.0 = Release|Win32
		{3277D1A4-4AFC-4B11-8521-D4143057D1DD}.Debug|x64.ActiveCfg = Debug|x64
		{3277D1A4-4AFC-4B11-8521-D4143057D1DD}.Debug|x64.Build.0 = Debug|x64
		{3277D1A4-4AFC-4B11-8521-D4143057D1DD}.Debug|x86.ActiveCfg = Debug|Win32
		{3277D1A4-4AFC-4B11-8521-D4143057D1DD}.Debug|x86.Build.0 = Debug|Win32
		{3277D1A4-4AFC-4B11-8521-D4143057D1DD}.Release|x64.ActiveCfg = Release|x64
		{3277D1A4-4AFC-4B11-8521-D4143057D1DD}.Release|x64.Build.0 = Release|x64
		{3277D1A4-4AFC-4B11-8521-D4143057D1DD}.Release|x86.ActiveCfg = Release|Win32
		{3277D1A4-4AFC-4B11-8521-D4143057D1DD}.Release|x86.Build.0 = Release|Win32
		{0A88936F-376A-41B6-B4BF-3999B07C840F}.Debug|x64.ActiveCfg = Debug|x64
		{0A88936F-376A-41B6-B4BF-3999B07C840F}.Debug|x64.Build.0 = Debug|x64
		{0A88936F-376A-41B6-B4BF-3999B07C840F}.Debug|x86.ActiveCfg = Debug|Win32
		{0A88936F-376A-41B6-B4BF-3999B07C840F}.Debug|x86.Build.0 = Debug|Win32
		{0A88936F-376A-41B6-B4BF-3999B07C840F}.Release|x64.ActiveCfg = Release|x64
		{0A88936F-376A-41B6-B4BF-3999B07C840F}.Release|x64.Build.0 = Release|x64
		{0A88936F-376A-41B6-B4BF-3999B07C840F}.Release|x86.ActiveCfg = Release|Win32
		{0A88936F-376A-41B6-B4BF-3999B07C840F}.Release|x86.Build.0 = Release|Win32
	EndGlobalSection
	GlobalSection(SolutionProperties) = preSolution
		HideSolutionNode = FALSE
	EndGlobalSection
	GlobalSection(ExtensibilityGlobals) = postSolution
		SolutionGuid = {9DFA502F-A397-41DD-82D6-FB85609A2B46}
	EndGlobalSection
EndGlobal
